<?xml version="1.0" encoding="utf-8"?>
<Project ToolsVersion="4.0" xmlns="http://schemas.microsoft.com/developer/msbuild/2003">
  <ItemGroup>
    <Filter Include="Source Files">
      <UniqueIdentifier>{4FC737F1-C7A5-4376-A066-2A32D752A2FF}</UniqueIdentifier>
      <Extensions>cpp;c;cc;cxx;c++;cppm;ixx;def;odl;idl;hpj;bat;asm;asmx</Extensions>
    </Filter>
    <Filter Include="Header Files">
      <UniqueIdentifier>{93995380-89BD-4b04-88EB-625FBE52EBFB}</UniqueIdentifier>
      <Extensions>h;hh;hpp;hxx;h++;hm;inl;inc;ipp;xsd</Extensions>
    </Filter>
    <Filter Include="Resource Files">
      <UniqueIdentifier>{67DA6AB6-F800-4c08-8B7A-83BB121AAD01}</UniqueIdentifier>
      <Extensions>rc;ico;cur;bmp;dlg;rc2;rct;bin;rgs;gif;jpg;jpeg;jpe;resx;tiff;tif;png;wav;mfcribbon-ms</Extensions>
    </Filter>
    <Filter Include="Source Files\Random files">
      <UniqueIdentifier>{5726fd05-b1d3-46a3-9865-337f6eb4e593}</UniqueIdentifier>
    </Filter>
    <Filter Include="Source Files\Game">
      <UniqueIdentifier>{8ec84080-1cc1-4559-bed8-33ca8f96ac22}</UniqueIdentifier>
    </Filter>
    <Filter Include="Source Files\Game\Stats">
      <UniqueIdentifier>{a653b597-7b26-4e55-a746-82526d5f92d1}</UniqueIdentifier>
    </Filter>
    <Filter Include="Source Files\Game\Dialogues">
      <UniqueIdentifier>{ca9291e9-13c2-4450-950b-bd6c94381e88}</UniqueIdentifier>
    </Filter>
    <Filter Include="Header Files\Dialogues">
      <UniqueIdentifier>{cfef5a90-21eb-4446-ab31-69de41e5a333}</UniqueIdentifier>
    </Filter>
    <Filter Include="Header Files\Places">
      <UniqueIdentifier>{ebe20f64-6ca0-426c-86e6-9e195ae41bd4}</UniqueIdentifier>
    </Filter>
    <Filter Include="Header Files\Stats">
      <UniqueIdentifier>{c3029109-76f1-4367-b632-2dc7f8b654eb}</UniqueIdentifier>
    </Filter>
    <Filter Include="Source Files\Tests">
      <UniqueIdentifier>{e8913dfc-56c8-4153-b392-d179639f656a}</UniqueIdentifier>
    </Filter>
    <Filter Include="Header Files\Tests">
      <UniqueIdentifier>{a54890a5-c5bf-49a0-a9d7-0601e31f8ad0}</UniqueIdentifier>
    </Filter>
    <Filter Include="Source Files\Game\Places">
      <UniqueIdentifier>{2cfc2a2d-483f-44f3-a091-e64484887864}</UniqueIdentifier>
    </Filter>
    <Filter Include="Header Files\Style">
      <UniqueIdentifier>{441eb448-5408-4291-bca6-d33dc9dd72d6}</UniqueIdentifier>
    </Filter>
    <Filter Include="Source Files\Style">
      <UniqueIdentifier>{38203d54-7151-4b2a-b171-e32326a8bce6}</UniqueIdentifier>
    </Filter>
    <Filter Include="Source Files\Game\Stats\Player">
      <UniqueIdentifier>{e33c92a9-a019-4d79-b7c6-527e4cba676d}</UniqueIdentifier>
    </Filter>
    <Filter Include="Source Files\Game\Stats\Encounters">
      <UniqueIdentifier>{a8058cf7-7b94-4860-9253-980068d356e7}</UniqueIdentifier>
    </Filter>
    <Filter Include="Header Files\Stats\Player">
      <UniqueIdentifier>{7b3199a2-a230-4749-b825-8850fa5830f1}</UniqueIdentifier>
    </Filter>
    <Filter Include="Header Files\Stats\Encounter">
      <UniqueIdentifier>{edd46c55-c819-48b0-9916-9b01253ce39a}</UniqueIdentifier>
    </Filter>
    <Filter Include="Source Files\Game\Stats\Encounters\Types">
      <UniqueIdentifier>{d213bd08-ee3f-40ac-aa72-b3be952d57d5}</UniqueIdentifier>
    </Filter>
    <Filter Include="Source Files\Game\Stats\Player\Roles">
      <UniqueIdentifier>{a7b65c28-35fb-4be9-a7c2-c98ca67fcc14}</UniqueIdentifier>
    </Filter>
    <Filter Include="Header Files\Utilities">
      <UniqueIdentifier>{b9e8ad00-0e1f-4636-93b2-3be3feee43ea}</UniqueIdentifier>
    </Filter>
    <Filter Include="Source Files\Utilities">
      <UniqueIdentifier>{a9040ebb-a577-48a3-9955-431078331a9e}</UniqueIdentifier>
    </Filter>
  </ItemGroup>
  <ItemGroup>
    <ClCompile Include="Start.cpp">
      <Filter>Source Files\Random files</Filter>
    </ClCompile>
    <ClCompile Include="AbilityScores.cpp">
      <Filter>Source Files\Game\Stats\Player</Filter>
    </ClCompile>
    <ClCompile Include="Playerz.cpp">
      <Filter>Source Files\Game\Stats\Player</Filter>
    </ClCompile>
    <ClCompile Include="Encounterz.cpp">
      <Filter>Source Files\Game\Stats\Encounters</Filter>
    </ClCompile>
    <ClCompile Include="Inventory.cpp">
      <Filter>Source Files\Game\Stats\Player</Filter>
    </ClCompile>
    <ClCompile Include="Input.cpp">
      <Filter>Source Files\Utilities</Filter>
    </ClCompile>
    <ClCompile Include="KiiyuoMath.cpp">
      <Filter>Source Files\Utilities</Filter>
    </ClCompile>
    <ClCompile Include="PrintErrors.cpp">
      <Filter>Source Files\Utilities</Filter>
    </ClCompile>
    <ClCompile Include="GameSession.cpp">
      <Filter>Source Files\Tests</Filter>
    </ClCompile>
    <ClCompile Include="ConsoleStyle.cpp">
      <Filter>Source Files\Tests</Filter>
    </ClCompile>
    <ClCompile Include="Places.cpp">
      <Filter>Source Files\Tests</Filter>
    </ClCompile>
    <ClCompile Include="Locale.cpp">
      <Filter>Source Files\Tests</Filter>
    </ClCompile>
    <ClCompile Include="Room.cpp">
      <Filter>Source Files\Tests</Filter>
    </ClCompile>
    <ClCompile Include="EncounterStatsSetter.cpp">
      <Filter>Source Files\Game\Stats\Encounters</Filter>
    </ClCompile>
    <ClCompile Include="PlayerCreator.cpp">
      <Filter>Source Files\Game\Stats\Player</Filter>
    </ClCompile>
    <ClCompile Include="Delays.cpp">
      <Filter>Source Files</Filter>
    </ClCompile>
  </ItemGroup>
  <ItemGroup>
    <ClInclude Include="PlayerBase.h">
      <Filter>Header Files\Stats\Player</Filter>
    </ClInclude>
    <ClInclude Include="PlayerRole.h">
      <Filter>Header Files\Stats\Player</Filter>
    </ClInclude>
    <ClInclude Include="Playerz.h">
      <Filter>Header Files\Stats\Player</Filter>
    </ClInclude>
    <ClInclude Include="AbilityScores.h">
      <Filter>Header Files\Stats\Encounter</Filter>
    </ClInclude>
    <ClInclude Include="EncounterBase.h">
      <Filter>Header Files\Stats\Encounter</Filter>
    </ClInclude>
    <ClInclude Include="EncounterType.h">
      <Filter>Header Files\Stats\Encounter</Filter>
    </ClInclude>
    <ClInclude Include="Encounterz.h">
      <Filter>Header Files\Stats\Encounter</Filter>
    </ClInclude>
    <ClInclude Include="CreatureBase.h">
      <Filter>Header Files\Stats</Filter>
    </ClInclude>
    <ClInclude Include="GameSession.h">
      <Filter>Header Files\Tests</Filter>
    </ClInclude>
    <ClInclude Include="Inventory.h">
      <Filter>Header Files\Stats\Player</Filter>
    </ClInclude>
    <ClInclude Include="Input.h">
      <Filter>Header Files\Utilities</Filter>
    </ClInclude>
    <ClInclude Include="Random.h">
      <Filter>Header Files\Utilities</Filter>
    </ClInclude>
    <ClInclude Include="KiiyuoMath.h">
      <Filter>Header Files\Utilities</Filter>
    </ClInclude>
    <ClInclude Include="PrintErrors.h">
      <Filter>Header Files\Utilities</Filter>
    </ClInclude>
    <ClInclude Include="Costants.h">
      <Filter>Header Files\Utilities</Filter>
    </ClInclude>
    <ClInclude Include="Items.h">
      <Filter>Header Files\Stats\Player</Filter>
    </ClInclude>
    <ClInclude Include="ConsoleStyle.h">
      <Filter>Header Files\Tests</Filter>
    </ClInclude>
    <ClInclude Include="Locale.h">
      <Filter>Header Files\Tests</Filter>
    </ClInclude>
    <ClInclude Include="Places.h">
      <Filter>Header Files\Tests</Filter>
    </ClInclude>
    <ClInclude Include="PlacesID.h">
      <Filter>Header Files\Tests</Filter>
    </ClInclude>
    <ClInclude Include="Room.h">
      <Filter>Header Files\Tests</Filter>
    </ClInclude>
    <ClInclude Include="Pair.h">
      <Filter>Header Files\Utilities</Filter>
    </ClInclude>
    <ClInclude Include="Loot.h">
      <Filter>Header Files\Tests</Filter>
    </ClInclude>
    <ClInclude Include="EncounterStatsSetter.h">
      <Filter>Header Files\Stats\Encounter</Filter>
    </ClInclude>
    <ClInclude Include="PlayerCreator.h">
      <Filter>Header Files\Stats\Player</Filter>
    </ClInclude>
    <ClInclude Include="PlayerActions.h">
      <Filter>Header Files\Stats\Player</Filter>
    </ClInclude>
    <ClInclude Include="Delays.h">
      <Filter>Header Files\Utilities</Filter>
    </ClInclude>
    <ClInclude Include="Timer.h">
      <Filter>Header Files\Utilities</Filter>
    </ClInclude>
  </ItemGroup>
</Project>